{
  "name": "search-a11y-backend",
  "version": "1.0.0",
  "lockfileVersion": 3,
  "requires": true,
  "packages": {
    "": {
      "name": "search-a11y-backend",
      "version": "1.0.0",
      "license": "ISC",
      "dependencies": {
        "algoliasearch": "^4.23.3",
        "dotenv": "^16.4.5",
        "rss-parser": "^3.13.0"
      }
    },
    "node_modules/@algolia/cache-browser-local-storage": {
      "version": "4.25.2",
      "resolved": "https://registry.npmjs.org/@algolia/cache-browser-local-storage/-/cache-browser-local-storage-4.25.2.tgz",
      "integrity": "sha512-tA1rqAafI+gUdewjZwyTsZVxesl22MTgLWRKt1+TBiL26NiKx7SjRqTI3pzm8ngx1ftM5LSgXkVIgk2+SRgPTg==",
      "dependencies": {
        "@algolia/cache-common": "4.25.2"
      }
    },
    "node_modules/@algolia/cache-common": {
      "version": "4.25.2",
      "resolved": "https://registry.npmjs.org/@algolia/cache-common/-/cache-common-4.25.2.tgz",
      "integrity": "sha512-E+aZwwwmhvZXsRA1+8DhH2JJIwugBzHivASTnoq7bmv0nmForLyH7rMG5cOTiDK36DDLnKq1rMGzxWZZ70KZag=="
    },
    "node_modules/@algolia/cache-in-memory": {
      "version": "4.25.2",
      "resolved": "https://registry.npmjs.org/@algolia/cache-in-memory/-/cache-in-memory-4.25.2.tgz",
      "integrity": "sha512-KYcenhfPKgR+WJ6IEwKVEFMKKCWLZdnYuw08+3Pn1cxAXbJcTIKjoYgEXzEW6gJmDaau2l55qNrZo6MBbX7+sw==",
      "dependencies": {
        "@algolia/cache-common": "4.25.2"
      }
    },
    "node_modules/@algolia/client-account": {
      "version": "4.25.2",
      "resolved": "https://registry.npmjs.org/@algolia/client-account/-/client-account-4.25.2.tgz",
      "integrity": "sha512-IfRGhBxvjli9mdexrCxX2N4XT9NBN3tvZK5zCaL8zkDcgsthiM9WPvGIZS/pl/FuXB7hA0lE5kqOzsQDP6OmGQ==",
      "dependencies": {
        "@algolia/client-common": "4.25.2",
        "@algolia/client-search": "4.25.2",
        "@algolia/transporter": "4.25.2"
      }
    },
    "node_modules/@algolia/client-analytics": {
      "version": "4.25.2",
      "resolved": "https://registry.npmjs.org/@algolia/client-analytics/-/client-analytics-4.25.2.tgz",
      "integrity": "sha512-4Yxxhxh+XjXY8zPyo+h6tQuyoJWDBn8E3YLr8j+YAEy5p+r3/5Tp+ANvQ+hNaQXbwZpyf5d4ViYOBjJ8+bWNEg==",
      "dependencies": {
        "@algolia/client-common": "4.25.2",
        "@algolia/client-search": "4.25.2",
        "@algolia/requester-common": "4.25.2",
        "@algolia/transporter": "4.25.2"
      }
    },
    "node_modules/@algolia/client-common": {
      "version": "4.25.2",
      "resolved": "https://registry.npmjs.org/@algolia/client-common/-/client-common-4.25.2.tgz",
      "integrity": "sha512-HXX8vbJPYW29P18GxciiwaDpQid6UhpPP9nW9WE181uGUgFhyP5zaEkYWf9oYBrjMubrGwXi5YEzJOz6Oa4faA==",
      "dependencies": {
        "@algolia/requester-common": "4.25.2",
        "@algolia/transporter": "4.25.2"
      }
    },
    "node_modules/@algolia/client-personalization": {
      "version": "4.25.2",
      "resolved": "https://registry.npmjs.org/@algolia/client-personalization/-/client-personalization-4.25.2.tgz",
      "integrity": "sha512-K81PRaHF77mHv2u8foWTHnIf5c+QNf/SnKNM7rB8JPi7TMYi4E5o2mFbgdU1ovd8eg9YMOEAuLkl1Nz1vbM3zQ==",
      "dependencies": {
        "@algolia/client-common": "4.25.2",
        "@algolia/requester-common": "4.25.2",
        "@algolia/transporter": "4.25.2"
      }
    },
    "node_modules/@algolia/client-search": {
      "version": "4.25.2",
      "resolved": "https://registry.npmjs.org/@algolia/client-search/-/client-search-4.25.2.tgz",
      "integrity": "sha512-pO/LpVnQlbJpcHRk+AroWyyFnh01eOlO6/uLZRUmYvr/hpKZKxI6n7ufgTawbo0KrAu2CePfiOkStYOmDuRjzQ==",
      "dependencies": {
        "@algolia/client-common": "4.25.2",
        "@algolia/requester-common": "4.25.2",
        "@algolia/transporter": "4.25.2"
      }
    },
    "node_modules/@algolia/logger-common": {
      "version": "4.25.2",
      "resolved": "https://registry.npmjs.org/@algolia/logger-common/-/logger-common-4.25.2.tgz",
      "integrity": "sha512-aUXpcodoIpLPsnVc2OHgC9E156R7yXWLW2l+Zn24Cyepfq3IvmuVckBvJDpp7nPnXkEzeMuvnVxQfQsk+zP/BA=="
    },
    "node_modules/@algolia/logger-console": {
      "version": "4.25.2",
      "resolved": "https://registry.npmjs.org/@algolia/logger-console/-/logger-console-4.25.2.tgz",
      "integrity": "sha512-H3Y+UB0Ty0htvMJ6zDSufhFTSDlg3Pyj3AXilfDdDRcvfhH4C/cJNVm+CTaGORxL5uKABGsBp+SZjsEMTyAunQ==",
      "dependencies": {
        "@algolia/logger-common": "4.25.2"
      }
    },
    "node_modules/@algolia/recommend": {
      "version": "4.25.2",
      "resolved": "https://registry.npmjs.org/@algolia/recommend/-/recommend-4.25.2.tgz",
      "integrity": "sha512-puRrGeXwAuVa4mLdvXvmxHRFz9MkcCOLPcjz7MjU4NihlpIa+lZYgikJ7z0SUAaYgd6l5Bh00hXiU/OlX5ffXQ==",
      "dependencies": {
        "@algolia/cache-browser-local-storage": "4.25.2",
        "@algolia/cache-common": "4.25.2",
        "@algolia/cache-in-memory": "4.25.2",
        "@algolia/client-common": "4.25.2",
        "@algolia/client-search": "4.25.2",
        "@algolia/logger-common": "4.25.2",
        "@algolia/logger-console": "4.25.2",
        "@algolia/requester-browser-xhr": "4.25.2",
        "@algolia/requester-common": "4.25.2",
        "@algolia/requester-node-http": "4.25.2",
        "@algolia/transporter": "4.25.2"
      }
    },
    "node_modules/@algolia/requester-browser-xhr": {
      "version": "4.25.2",
      "resolved": "https://registry.npmjs.org/@algolia/requester-browser-xhr/-/requester-browser-xhr-4.25.2.tgz",
      "integrity": "sha512-aAjfsI0AjWgXLh/xr9eoR8/9HekBkIER3bxGoBf9d1XWMMoTo/q92Da2fewkxwLE6mla95QJ9suJGOtMOewXXQ==",
      "dependencies": {
        "@algolia/requester-common": "4.25.2"
      }
    },
    "node_modules/@algolia/requester-common": {
      "version": "4.25.2",
      "resolved": "https://registry.npmjs.org/@algolia/requester-common/-/requester-common-4.25.2.tgz",
      "integrity": "sha512-Q4wC3sgY0UFjV3Rb3icRLTpPB5/M44A8IxzJHM9PNeK1T3iX7X/fmz7ATUYQYZTpwHCYATlsQKWiTpql1hHjVg=="
    },
    "node_modules/@algolia/requester-node-http": {
      "version": "4.25.2",
      "resolved": "https://registry.npmjs.org/@algolia/requester-node-http/-/requester-node-http-4.25.2.tgz",
      "integrity": "sha512-Ja/FYB7W9ZM+m8UrMIlawNUAKpncvb9Mo+D8Jq5WepGTUyQ9CBYLsjwxv9O8wbj3TSWqTInf4uUBJ2FKR8G7xw==",
      "dependencies": {
        "@algolia/requester-common": "4.25.2"
      }
    },
    "node_modules/@algolia/transporter": {
      "version": "4.25.2",
      "resolved": "https://registry.npmjs.org/@algolia/transporter/-/transporter-4.25.2.tgz",
      "integrity": "sha512-yw3RLHWc6V+pbdsFtq8b6T5bJqLDqnfKWS7nac1Vzcmgvs/V/Lfy7/6iOF9XRilu5aBDOBHoP1SOeIDghguzWw==",
      "dependencies": {
        "@algolia/cache-common": "4.25.2",
        "@algolia/logger-common": "4.25.2",
        "@algolia/requester-common": "4.25.2"
      }
    },
    "node_modules/algoliasearch": {
      "version": "4.25.2",
      "resolved": "https://registry.npmjs.org/algoliasearch/-/algoliasearch-4.25.2.tgz",
      "integrity": "sha512-lYx98L6kb1VvXypbPI7Z54C4BJB2VT5QvOYthvPq6/POufZj+YdyeZSKjoLBKHJgGmYWQTHOKtcCTdKf98WOCA==",
      "dependencies": {
        "@algolia/cache-browser-local-storage": "4.25.2",
        "@algolia/cache-common": "4.25.2",
        "@algolia/cache-in-memory": "4.25.2",
        "@algolia/client-account": "4.25.2",
        "@algolia/client-analytics": "4.25.2",
        "@algolia/client-common": "4.25.2",
        "@algolia/client-personalization": "4.25.2",
        "@algolia/client-search": "4.25.2",
        "@algolia/logger-common": "4.25.2",
        "@algolia/logger-console": "4.25.2",
        "@algolia/recommend": "4.25.2",
        "@algolia/requester-browser-xhr": "4.25.2",
        "@algolia/requester-common": "4.25.2",
        "@algolia/requester-node-http": "4.25.2",
        "@algolia/transporter": "4.25.2"
      }
    },
    "node_modules/dotenv": {
      "version": "16.6.1",
      "resolved": "https://registry.npmjs.org/dotenv/-/dotenv-16.6.1.tgz",
      "integrity": "sha512-uBq4egWHTcTt33a72vpSG0z3HnPuIl6NqYcTrKEg2azoEyl2hpW0zqlxysq2pK9HlDIHyHyakeYaYnSAwd8bow==",
      "engines": {
        "node": ">=12"
      },
      "funding": {
        "url": "https://dotenvx.com"
      }
    },
    "node_modules/entities": {
      "version": "2.2.0",
      "resolved": "https://registry.npmjs.org/entities/-/entities-2.2.0.tgz",
      "integrity": "sha512-p92if5Nz619I0w+akJrLZH0MX0Pb5DX39XOwQTtXSdQQOaYH03S1uIQp4mhOZtAXrxq4ViO67YTiLBo2638o9A==",
      "funding": {
        "url": "https://github.com/fb55/entities?sponsor=1"
      }
    },
    "node_modules/rss-parser": {
      "version": "3.13.0",
      "resolved": "https://registry.npmjs.org/rss-parser/-/rss-parser-3.13.0.tgz",
      "integrity": "sha512-7jWUBV5yGN3rqMMj7CZufl/291QAhvrrGpDNE4k/02ZchL0npisiYYqULF71jCEKoIiHvK/Q2e6IkDwPziT7+w==",
      "dependencies": {
        "entities": "^2.0.3",
        "xml2js": "^0.5.0"
      }
    },
    "node_modules/sax": {
      "version": "1.4.1",
      "resolved": "https://registry.npmjs.org/sax/-/sax-1.4.1.tgz",
      "integrity": "sha512-+aWOz7yVScEGoKNd4PA10LZ8sk0A/z5+nXQG5giUO5rprX9jgYsTdov9qCchZiPIZezbZH+jRut8nPodFAX4Jg=="
    },
    "node_modules/xml2js": {
      "version": "0.5.0",
      "resolved": "https://registry.npmjs.org/xml2js/-/xml2js-0.5.0.tgz",
      "integrity": "sha512-drPFnkQJik/O+uPKpqSgr22mpuFHqKdbS835iAQrUC73L2F5WkboIRd63ai/2Yg6I1jzifPFKH2NTK+cfglkIA==",
      "dependencies": {
        "sax": ">=0.6.0",
        "xmlbuilder": "~11.0.0"
      },
      "engines": {
        "node": ">=4.0.0"
      }
    },
    "node_modules/xmlbuilder": {
      "version": "11.0.1",
      "resolved": "https://registry.npmjs.org/xmlbuilder/-/xmlbuilder-11.0.1.tgz",
      "integrity": "sha512-fDlsI/kFEx7gLvbecc0/ohLG50fugQp8ryHzMTuW9vSa1GJ0XYWKnhsUx7oie3G98+r56aTQIUB4kht42R3JvA==",
      "engines": {
        "node": ">=4.0"
      }
    }
  }
}
